
Microsoft Visual Studio Solution File, Format Version 11.00
# Visual Studio 2010
Project("{FAE04EC0-301F-11D3-BF4B-00C04F79EFBC}") = "Assembly-CSharp", "Assembly-CSharp.csproj", "{79fbbbd3-8bdf-cfd3-3a2e-001432d8b818}"
EndProject
Project("{FAE04EC0-301F-11D3-BF4B-00C04F79EFBC}") = "Assembly-CSharp-Editor", "Assembly-CSharp-Editor.csproj", "{d96173c9-1e51-2387-b0d5-c824188ce366}"
EndProject
Global
	GlobalSection(SolutionConfigurationPlatforms) = preSolution
		Debug|Any CPU = Debug|Any CPU
	EndGlobalSection
	GlobalSection(ProjectConfigurationPlatforms) = postSolution
		{79fbbbd3-8bdf-cfd3-3a2e-001432d8b818}.Debug|Any CPU.ActiveCfg = Debug|Any CPU
		{79fbbbd3-8bdf-cfd3-3a2e-001432d8b818}.Debug|Any CPU.Build.0 = Debug|Any CPU
		{d96173c9-1e51-2387-b0d5-c824188ce366}.Debug|Any CPU.ActiveCfg = Debug|Any CPU
		{d96173c9-1e51-2387-b0d5-c824188ce366}.Debug|Any CPU.Build.0 = Debug|Any CPU
	EndGlobalSection
	GlobalSection(SolutionProperties) = preSolution
		HideSolutionNode = FALSE
	EndGlobalSection
EndGlobal
